
Microsoft Visual Studio Solution File, Format Version 12.00
# Visual Studio Version 16
VisualStudioVersion = 16.0.30711.63
MinimumVisualStudioVersion = 10.0.40219.1
Project("{FAE04EC0-301F-11D3-BF4B-00C04F79EFBC}") = "task_01", "task_01\task_01.csproj", "{3A93DBA7-E8BC-492C-96B9-E509A58A07E6}"
EndProject
Project("{FAE04EC0-301F-11D3-BF4B-00C04F79EFBC}") = "task_02", "task_02\task_02.csproj", "{98806354-1DFB-49AD-AD24-92D66307FC9F}"
EndProject
Project("{FAE04EC0-301F-11D3-BF4B-00C04F79EFBC}") = "task_03", "task_03\task_03.csproj", "{10695C03-1198-4F64-9272-9CA718580317}"
EndProject
Project("{FAE04EC0-301F-11D3-BF4B-00C04F79EFBC}") = "task_04", "task_04\task_04.csproj", "{819974F7-1E8A-4E34-8E83-83313094B320}"
EndProject
Project("{FAE04EC0-301F-11D3-BF4B-00C04F79EFBC}") = "task_05", "task_05\task_05.csproj", "{3CD8FB9B-D3B0-4545-A663-D8D61CBEA39D}"
EndProject
Project("{FAE04EC0-301F-11D3-BF4B-00C04F79EFBC}") = "task_06", "task_06\task_06.csproj", "{F0EAF52C-0F10-4D58-808C-BAA3F97BBC5D}"
EndProject
Project("{FAE04EC0-301F-11D3-BF4B-00C04F79EFBC}") = "task_07", "task_07\task_07.csproj", "{8BD90268-3273-4925-9DCC-A05744B5EBAA}"
EndProject
Project("{FAE04EC0-301F-11D3-BF4B-00C04F79EFBC}") = "task_08", "task_08\task_08.csproj", "{70377350-E3BC-4599-B319-FB1875B74BD4}"
EndProject
Project("{FAE04EC0-301F-11D3-BF4B-00C04F79EFBC}") = "task_09", "task_09\task_09.csproj", "{2E387A98-7620-418F-9F18-F9FC3C734750}"
EndProject
Project("{FAE04EC0-301F-11D3-BF4B-00C04F79EFBC}") = "task_10", "task_10\task_10.csproj", "{9DD6C6C2-8AD6-484B-B178-F20169A07C8C}"
EndProject
Project("{FAE04EC0-301F-11D3-BF4B-00C04F79EFBC}") = "task_11", "task_11\task_11.csproj", "{1E9E667B-1247-4FD9-963B-C10DB5B8228A}"
EndProject
Project("{FAE04EC0-301F-11D3-BF4B-00C04F79EFBC}") = "task_12", "task_12\task_12.csproj", "{408FF0E8-F226-44FC-B87C-BE7472308419}"
EndProject
Project("{FAE04EC0-301F-11D3-BF4B-00C04F79EFBC}") = "task_14", "task_14\task_14.csproj", "{1447783D-FD94-469A-B7A3-83A1A6FB18E6}"
EndProject
Project("{FAE04EC0-301F-11D3-BF4B-00C04F79EFBC}") = "task_15", "task_15\task_15.csproj", "{81DDAC05-44FC-47C8-9CCE-CB741C0FB6C2}"
EndProject
Project("{FAE04EC0-301F-11D3-BF4B-00C04F79EFBC}") = "task_16", "task_16\task_16.csproj", "{1D33A605-1433-4D2D-9E08-751A50B79F06}"
EndProject
Project("{FAE04EC0-301F-11D3-BF4B-00C04F79EFBC}") = "task_17", "task_17\task_17.csproj", "{85A848FF-9944-49AD-9A73-767088550028}"
EndProject
Project("{FAE04EC0-301F-11D3-BF4B-00C04F79EFBC}") = "task_19", "task_19\task_19.csproj", "{405BD3D9-8502-4D68-B2F6-0C7D6B0B1EBC}"
EndProject
Project("{FAE04EC0-301F-11D3-BF4B-00C04F79EFBC}") = "task_20", "task_20\task_20.csproj", "{4A49222F-DB1F-40FE-94DC-382E5D581645}"
EndProject
Project("{FAE04EC0-301F-11D3-BF4B-00C04F79EFBC}") = "task_21", "task_21\task_21.csproj", "{F06D61B8-7FAF-4F96-92F1-F260AC8DA406}"
EndProject
Project("{FAE04EC0-301F-11D3-BF4B-00C04F79EFBC}") = "task_22", "task_22\task_22.csproj", "{5BB5EA49-487D-4929-8F64-8BB45E716491}"
EndProject
Project("{FAE04EC0-301F-11D3-BF4B-00C04F79EFBC}") = "task_23", "task_23\task_23.csproj", "{108271C9-544C-48BE-A237-680025BFE2AB}"
EndProject
Project("{FAE04EC0-301F-11D3-BF4B-00C04F79EFBC}") = "task_24", "task_24\task_24.csproj", "{A83C6EBE-FA74-49BC-A0A7-DAACF23E311D}"
EndProject
Project("{FAE04EC0-301F-11D3-BF4B-00C04F79EFBC}") = "task_25", "task_25\task_25.csproj", "{423295F4-B474-4E1B-BD77-C2A638D30522}"
EndProject
Project("{FAE04EC0-301F-11D3-BF4B-00C04F79EFBC}") = "task_26", "task_26\task_26.csproj", "{79D7978D-2006-4944-B3F0-06D14BAC2B77}"
EndProject
Project("{FAE04EC0-301F-11D3-BF4B-00C04F79EFBC}") = "task_27", "task_27\task_27.csproj", "{E1876DEC-510E-4389-9672-B00EB0B4989F}"
EndProject
Project("{FAE04EC0-301F-11D3-BF4B-00C04F79EFBC}") = "task_28", "task_28\task_28.csproj", "{FECC2F5F-DD45-431C-8183-CE186AD9C292}"
EndProject
Project("{FAE04EC0-301F-11D3-BF4B-00C04F79EFBC}") = "task_30", "task_30\task_30.csproj", "{F37072D6-3C36-45A6-87F3-9D10C32C6875}"
EndProject
Project("{FAE04EC0-301F-11D3-BF4B-00C04F79EFBC}") = "task_31", "task_31\task_31.csproj", "{D35C418E-42AA-491C-AFA0-31BFC5A08D97}"
EndProject
Project("{FAE04EC0-301F-11D3-BF4B-00C04F79EFBC}") = "task_32", "task_32\task_32.csproj", "{5348C3E0-E40A-4FF9-A710-CE6279699B26}"
EndProject
Global
	GlobalSection(SolutionConfigurationPlatforms) = preSolution
		Debug|Any CPU = Debug|Any CPU
		Release|Any CPU = Release|Any CPU
	EndGlobalSection
	GlobalSection(ProjectConfigurationPlatforms) = postSolution
		{3A93DBA7-E8BC-492C-96B9-E509A58A07E6}.Debug|Any CPU.ActiveCfg = Debug|Any CPU
		{3A93DBA7-E8BC-492C-96B9-E509A58A07E6}.Debug|Any CPU.Build.0 = Debug|Any CPU
		{3A93DBA7-E8BC-492C-96B9-E509A58A07E6}.Release|Any CPU.ActiveCfg = Release|Any CPU
		{3A93DBA7-E8BC-492C-96B9-E509A58A07E6}.Release|Any CPU.Build.0 = Release|Any CPU
		{98806354-1DFB-49AD-AD24-92D66307FC9F}.Debug|Any CPU.ActiveCfg = Debug|Any CPU
		{98806354-1DFB-49AD-AD24-92D66307FC9F}.Debug|Any CPU.Build.0 = Debug|Any CPU
		{98806354-1DFB-49AD-AD24-92D66307FC9F}.Release|Any CPU.ActiveCfg = Release|Any CPU
		{98806354-1DFB-49AD-AD24-92D66307FC9F}.Release|Any CPU.Build.0 = Release|Any CPU
		{10695C03-1198-4F64-9272-9CA718580317}.Debug|Any CPU.ActiveCfg = Debug|Any CPU
		{10695C03-1198-4F64-9272-9CA718580317}.Debug|Any CPU.Build.0 = Debug|Any CPU
		{10695C03-1198-4F64-9272-9CA718580317}.Release|Any CPU.ActiveCfg = Release|Any CPU
		{10695C03-1198-4F64-9272-9CA718580317}.Release|Any CPU.Build.0 = Release|Any CPU
		{819974F7-1E8A-4E34-8E83-83313094B320}.Debug|Any CPU.ActiveCfg = Debug|Any CPU
		{819974F7-1E8A-4E34-8E83-83313094B320}.Debug|Any CPU.Build.0 = Debug|Any CPU
		{819974F7-1E8A-4E34-8E83-83313094B320}.Release|Any CPU.ActiveCfg = Release|Any CPU
		{819974F7-1E8A-4E34-8E83-83313094B320}.Release|Any CPU.Build.0 = Release|Any CPU
		{3CD8FB9B-D3B0-4545-A663-D8D61CBEA39D}.Debug|Any CPU.ActiveCfg = Debug|Any CPU
		{3CD8FB9B-D3B0-4545-A663-D8D61CBEA39D}.Debug|Any CPU.Build.0 = Debug|Any CPU
		{3CD8FB9B-D3B0-4545-A663-D8D61CBEA39D}.Release|Any CPU.ActiveCfg = Release|Any CPU
		{3CD8FB9B-D3B0-4545-A663-D8D61CBEA39D}.Release|Any CPU.Build.0 = Release|Any CPU
		{F0EAF52C-0F10-4D58-808C-BAA3F97BBC5D}.Debug|Any CPU.ActiveCfg = Debug|Any CPU
		{F0EAF52C-0F10-4D58-808C-BAA3F97BBC5D}.Debug|Any CPU.Build.0 = Debug|Any CPU
		{F0EAF52C-0F10-4D58-808C-BAA3F97BBC5D}.Release|Any CPU.ActiveCfg = Release|Any CPU
		{F0EAF52C-0F10-4D58-808C-BAA3F97BBC5D}.Release|Any CPU.Build.0 = Release|Any CPU
		{8BD90268-3273-4925-9DCC-A05744B5EBAA}.Debug|Any CPU.ActiveCfg = Debug|Any CPU
		{8BD90268-3273-4925-9DCC-A05744B5EBAA}.Debug|Any CPU.Build.0 = Debug|Any CPU
		{8BD90268-3273-4925-9DCC-A05744B5EBAA}.Release|Any CPU.ActiveCfg = Release|Any CPU
		{8BD90268-3273-4925-9DCC-A05744B5EBAA}.Release|Any CPU.Build.0 = Release|Any CPU
		{70377350-E3BC-4599-B319-FB1875B74BD4}.Debug|Any CPU.ActiveCfg = Debug|Any CPU
		{70377350-E3BC-4599-B319-FB1875B74BD4}.Debug|Any CPU.Build.0 = Debug|Any CPU
		{70377350-E3BC-4599-B319-FB1875B74BD4}.Release|Any CPU.ActiveCfg = Release|Any CPU
		{70377350-E3BC-4599-B319-FB1875B74BD4}.Release|Any CPU.Build.0 = Release|Any CPU
		{2E387A98-7620-418F-9F18-F9FC3C734750}.Debug|Any CPU.ActiveCfg = Debug|Any CPU
		{2E387A98-7620-418F-9F18-F9FC3C734750}.Debug|Any CPU.Build.0 = Debug|Any CPU
		{2E387A98-7620-418F-9F18-F9FC3C734750}.Release|Any CPU.ActiveCfg = Release|Any CPU
		{2E387A98-7620-418F-9F18-F9FC3C734750}.Release|Any CPU.Build.0 = Release|Any CPU
		{9DD6C6C2-8AD6-484B-B178-F20169A07C8C}.Debug|Any CPU.ActiveCfg = Debug|Any CPU
		{9DD6C6C2-8AD6-484B-B178-F20169A07C8C}.Debug|Any CPU.Build.0 = Debug|Any CPU
		{9DD6C6C2-8AD6-484B-B178-F20169A07C8C}.Release|Any CPU.ActiveCfg = Release|Any CPU
		{9DD6C6C2-8AD6-484B-B178-F20169A07C8C}.Release|Any CPU.Build.0 = Release|Any CPU
		{1E9E667B-1247-4FD9-963B-C10DB5B8228A}.Debug|Any CPU.ActiveCfg = Debug|Any CPU
		{1E9E667B-1247-4FD9-963B-C10DB5B8228A}.Debug|Any CPU.Build.0 = Debug|Any CPU
		{1E9E667B-1247-4FD9-963B-C10DB5B8228A}.Release|Any CPU.ActiveCfg = Release|Any CPU
		{1E9E667B-1247-4FD9-963B-C10DB5B8228A}.Release|Any CPU.Build.0 = Release|Any CPU
		{408FF0E8-F226-44FC-B87C-BE7472308419}.Debug|Any CPU.ActiveCfg = Debug|Any CPU
		{408FF0E8-F226-44FC-B87C-BE7472308419}.Debug|Any CPU.Build.0 = Debug|Any CPU
		{408FF0E8-F226-44FC-B87C-BE7472308419}.Release|Any CPU.ActiveCfg = Release|Any CPU
		{408FF0E8-F226-44FC-B87C-BE7472308419}.Release|Any CPU.Build.0 = Release|Any CPU
		{1447783D-FD94-469A-B7A3-83A1A6FB18E6}.Debug|Any CPU.ActiveCfg = Debug|Any CPU
		{1447783D-FD94-469A-B7A3-83A1A6FB18E6}.Debug|Any CPU.Build.0 = Debug|Any CPU
		{1447783D-FD94-469A-B7A3-83A1A6FB18E6}.Release|Any CPU.ActiveCfg = Release|Any CPU
		{1447783D-FD94-469A-B7A3-83A1A6FB18E6}.Release|Any CPU.Build.0 = Release|Any CPU
		{81DDAC05-44FC-47C8-9CCE-CB741C0FB6C2}.Debug|Any CPU.ActiveCfg = Debug|Any CPU
		{81DDAC05-44FC-47C8-9CCE-CB741C0FB6C2}.Debug|Any CPU.Build.0 = Debug|Any CPU
		{81DDAC05-44FC-47C8-9CCE-CB741C0FB6C2}.Release|Any CPU.ActiveCfg = Release|Any CPU
		{81DDAC05-44FC-47C8-9CCE-CB741C0FB6C2}.Release|Any CPU.Build.0 = Release|Any CPU
		{1D33A605-1433-4D2D-9E08-751A50B79F06}.Debug|Any CPU.ActiveCfg = Debug|Any CPU
		{1D33A605-1433-4D2D-9E08-751A50B79F06}.Debug|Any CPU.Build.0 = Debug|Any CPU
		{1D33A605-1433-4D2D-9E08-751A50B79F06}.Release|Any CPU.ActiveCfg = Release|Any CPU
		{1D33A605-1433-4D2D-9E08-751A50B79F06}.Release|Any CPU.Build.0 = Release|Any CPU
		{85A848FF-9944-49AD-9A73-767088550028}.Debug|Any CPU.ActiveCfg = Debug|Any CPU
		{85A848FF-9944-49AD-9A73-767088550028}.Debug|Any CPU.Build.0 = Debug|Any CPU
		{85A848FF-9944-49AD-9A73-767088550028}.Release|Any CPU.ActiveCfg = Release|Any CPU
		{85A848FF-9944-49AD-9A73-767088550028}.Release|Any CPU.Build.0 = Release|Any CPU
		{405BD3D9-8502-4D68-B2F6-0C7D6B0B1EBC}.Debug|Any CPU.ActiveCfg = Debug|Any CPU
		{405BD3D9-8502-4D68-B2F6-0C7D6B0B1EBC}.Debug|Any CPU.Build.0 = Debug|Any CPU
		{405BD3D9-8502-4D68-B2F6-0C7D6B0B1EBC}.Release|Any CPU.ActiveCfg = Release|Any CPU
		{405BD3D9-8502-4D68-B2F6-0C7D6B0B1EBC}.Release|Any CPU.Build.0 = Release|Any CPU
		{4A49222F-DB1F-40FE-94DC-382E5D581645}.Debug|Any CPU.ActiveCfg = Debug|Any CPU
		{4A49222F-DB1F-40FE-94DC-382E5D581645}.Debug|Any CPU.Build.0 = Debug|Any CPU
		{4A49222F-DB1F-40FE-94DC-382E5D581645}.Release|Any CPU.ActiveCfg = Release|Any CPU
		{4A49222F-DB1F-40FE-94DC-382E5D581645}.Release|Any CPU.Build.0 = Release|Any CPU
		{F06D61B8-7FAF-4F96-92F1-F260AC8DA406}.Debug|Any CPU.ActiveCfg = Debug|Any CPU
		{F06D61B8-7FAF-4F96-92F1-F260AC8DA406}.Debug|Any CPU.Build.0 = Debug|Any CPU
		{F06D61B8-7FAF-4F96-92F1-F260AC8DA406}.Release|Any CPU.ActiveCfg = Release|Any CPU
		{F06D61B8-7FAF-4F96-92F1-F260AC8DA406}.Release|Any CPU.Build.0 = Release|Any CPU
		{5BB5EA49-487D-4929-8F64-8BB45E716491}.Debug|Any CPU.ActiveCfg = Debug|Any CPU
		{5BB5EA49-487D-4929-8F64-8BB45E716491}.Debug|Any CPU.Build.0 = Debug|Any CPU
		{5BB5EA49-487D-4929-8F64-8BB45E716491}.Release|Any CPU.ActiveCfg = Release|Any CPU
		{5BB5EA49-487D-4929-8F64-8BB45E716491}.Release|Any CPU.Build.0 = Release|Any CPU
		{108271C9-544C-48BE-A237-680025BFE2AB}.Debug|Any CPU.ActiveCfg = Debug|Any CPU
		{108271C9-544C-48BE-A237-680025BFE2AB}.Debug|Any CPU.Build.0 = Debug|Any CPU
		{108271C9-544C-48BE-A237-680025BFE2AB}.Release|Any CPU.ActiveCfg = Release|Any CPU
		{108271C9-544C-48BE-A237-680025BFE2AB}.Release|Any CPU.Build.0 = Release|Any CPU
		{A83C6EBE-FA74-49BC-A0A7-DAACF23E311D}.Debug|Any CPU.ActiveCfg = Debug|Any CPU
		{A83C6EBE-FA74-49BC-A0A7-DAACF23E311D}.Debug|Any CPU.Build.0 = Debug|Any CPU
		{A83C6EBE-FA74-49BC-A0A7-DAACF23E311D}.Release|Any CPU.ActiveCfg = Release|Any CPU
		{A83C6EBE-FA74-49BC-A0A7-DAACF23E311D}.Release|Any CPU.Build.0 = Release|Any CPU
		{423295F4-B474-4E1B-BD77-C2A638D30522}.Debug|Any CPU.ActiveCfg = Debug|Any CPU
		{423295F4-B474-4E1B-BD77-C2A638D30522}.Debug|Any CPU.Build.0 = Debug|Any CPU
		{423295F4-B474-4E1B-BD77-C2A638D30522}.Release|Any CPU.ActiveCfg = Release|Any CPU
		{423295F4-B474-4E1B-BD77-C2A638D30522}.Release|Any CPU.Build.0 = Release|Any CPU
		{79D7978D-2006-4944-B3F0-06D14BAC2B77}.Debug|Any CPU.ActiveCfg = Debug|Any CPU
		{79D7978D-2006-4944-B3F0-06D14BAC2B77}.Debug|Any CPU.Build.0 = Debug|Any CPU
		{79D7978D-2006-4944-B3F0-06D14BAC2B77}.Release|Any CPU.ActiveCfg = Release|Any CPU
		{79D7978D-2006-4944-B3F0-06D14BAC2B77}.Release|Any CPU.Build.0 = Release|Any CPU
		{E1876DEC-510E-4389-9672-B00EB0B4989F}.Debug|Any CPU.ActiveCfg = Debug|Any CPU
		{E1876DEC-510E-4389-9672-B00EB0B4989F}.Debug|Any CPU.Build.0 = Debug|Any CPU
		{E1876DEC-510E-4389-9672-B00EB0B4989F}.Release|Any CPU.ActiveCfg = Release|Any CPU
		{E1876DEC-510E-4389-9672-B00EB0B4989F}.Release|Any CPU.Build.0 = Release|Any CPU
		{FECC2F5F-DD45-431C-8183-CE186AD9C292}.Debug|Any CPU.ActiveCfg = Debug|Any CPU
		{FECC2F5F-DD45-431C-8183-CE186AD9C292}.Debug|Any CPU.Build.0 = Debug|Any CPU
		{FECC2F5F-DD45-431C-8183-CE186AD9C292}.Release|Any CPU.ActiveCfg = Release|Any CPU
		{FECC2F5F-DD45-431C-8183-CE186AD9C292}.Release|Any CPU.Build.0 = Release|Any CPU
		{F37072D6-3C36-45A6-87F3-9D10C32C6875}.Debug|Any CPU.ActiveCfg = Debug|Any CPU
		{F37072D6-3C36-45A6-87F3-9D10C32C6875}.Debug|Any CPU.Build.0 = Debug|Any CPU
		{F37072D6-3C36-45A6-87F3-9D10C32C6875}.Release|Any CPU.ActiveCfg = Release|Any CPU
		{F37072D6-3C36-45A6-87F3-9D10C32C6875}.Release|Any CPU.Build.0 = Release|Any CPU
		{D35C418E-42AA-491C-AFA0-31BFC5A08D97}.Debug|Any CPU.ActiveCfg = Debug|Any CPU
		{D35C418E-42AA-491C-AFA0-31BFC5A08D97}.Debug|Any CPU.Build.0 = Debug|Any CPU
		{D35C418E-42AA-491C-AFA0-31BFC5A08D97}.Release|Any CPU.ActiveCfg = Release|Any CPU
		{D35C418E-42AA-491C-AFA0-31BFC5A08D97}.Release|Any CPU.Build.0 = Release|Any CPU
		{5348C3E0-E40A-4FF9-A710-CE6279699B26}.Debug|Any CPU.ActiveCfg = Debug|Any CPU
		{5348C3E0-E40A-4FF9-A710-CE6279699B26}.Debug|Any CPU.Build.0 = Debug|Any CPU
		{5348C3E0-E40A-4FF9-A710-CE6279699B26}.Release|Any CPU.ActiveCfg = Release|Any CPU
		{5348C3E0-E40A-4FF9-A710-CE6279699B26}.Release|Any CPU.Build.0 = Release|Any CPU
	EndGlobalSection
	GlobalSection(SolutionProperties) = preSolution
		HideSolutionNode = FALSE
	EndGlobalSection
	GlobalSection(ExtensibilityGlobals) = postSolution
		SolutionGuid = {32AE4509-5FBD-4D7B-8EDF-B4864413EED7}
	EndGlobalSection
EndGlobal
